
Microsoft Visual Studio Solution File, Format Version 12.00
# Visual Studio Version 17
VisualStudioVersion = 17.5.2.0
MinimumVisualStudioVersion = 10.0.40219.1
Project("{2150E333-8FDC-42A3-9474-1A3956D46DE8}") = "backend", "backend", "{1AE8ACA6-933B-BF2A-3671-3E2EAC007D16}"
EndProject
Project("{FAE04EC0-301F-11D3-BF4B-00C04F79EFBC}") = "OrchestratorApi", "backend\OrchestratorApi.csproj", "{273D443D-BB1F-AE69-8170-B1675A798195}"
EndProject
Project("{FAE04EC0-301F-11D3-BF4B-00C04F79EFBC}") = "OrchestratorApi.Tests", "backend.Tests\OrchestratorApi.Tests.csproj", "{5B79D96B-43DB-4C57-8B97-BAA144EB9BA2}"
EndProject
Project("{2150E333-8FDC-42A3-9474-1A3956D46DE8}") = "update-service", "update-service", "{403FCE92-DF91-3D4F-252E-F95E1B30A813}"
EndProject
Project("{FAE04EC0-301F-11D3-BF4B-00C04F79EFBC}") = "UpdateService", "update-service\UpdateService.csproj", "{6A302828-1FD4-4ACB-89BE-238509517FF3}"
EndProject
Project("{2150E333-8FDC-42A3-9474-1A3956D46DE8}") = "tools", "tools", "{07C2787E-EAC7-C090-1BA3-A61EC2A24D84}"
EndProject
Project("{FAE04EC0-301F-11D3-BF4B-00C04F79EFBC}") = "SilentCatchAnalyzer", "tools\SilentCatchAnalyzer\SilentCatchAnalyzer.csproj", "{DBCF075B-1C05-4B3D-AA0A-47779690E842}"
EndProject
Project("{2150E333-8FDC-42A3-9474-1A3956D46DE8}") = "runner", "runner", "{670CFE11-21B1-39BF-3A5B-4FA10AB6CBEB}"
EndProject
Project("{FAE04EC0-301F-11D3-BF4B-00C04F79EFBC}") = "AgentRunner", "runner\AgentRunner.csproj", "{36DC463B-7E5C-47FA-A5B2-A42534339C18}"
EndProject
Project("{2150E333-8FDC-42A3-9474-1A3956D46DE8}") = "runner.Tests", "runner.Tests", "{FDCFE695-93FE-8901-CF4D-7776AD9E1F92}"
EndProject
Project("{FAE04EC0-301F-11D3-BF4B-00C04F79EFBC}") = "AgentRunner.Tests", "runner.Tests\AgentRunner.Tests.csproj", "{149C95CE-6882-4482-B81C-886EB013DDDB}"
EndProject
Project("{2150E333-8FDC-42A3-9474-1A3956D46DE8}") = "contracts", "contracts", "{A2ACF0A6-92D4-4FE2-9E0C-559C10F70411}"
EndProject
Project("{FAE04EC0-301F-11D3-BF4B-00C04F79EFBC}") = "TaskServer.Contracts", "contracts\TaskServer.Contracts\TaskServer.Contracts.csproj", "{B79BFC9D-7516-43ED-9A25-B30328909046}"
EndProject
Project("{2150E333-8FDC-42A3-9474-1A3956D46DE8}") = "task-server", "task-server", "{C9C1AF1A-A6D7-45D5-A829-69856E4159D5}"
EndProject
Project("{FAE04EC0-301F-11D3-BF4B-00C04F79EFBC}") = "TaskServer", "task-server\TaskServer.csproj", "{D091FFAC-B972-41E9-8272-A277DBEC3D92}"
EndProject
Project("{2150E333-8FDC-42A3-9474-1A3956D46DE8}") = "retention", "retention", "{A1111111-1111-4111-8111-111111111111}"
EndProject
Project("{FAE04EC0-301F-11D3-BF4B-00C04F79EFBC}") = "AgentStudio.Retention", "retention\AgentStudio.Retention.csproj", "{B2222222-2222-4222-8222-222222222222}"
EndProject
Project("{2150E333-8FDC-42A3-9474-1A3956D46DE8}") = "retention.Tests", "retention.Tests", "{C3333333-3333-4333-8333-333333333333}"
EndProject
Project("{FAE04EC0-301F-11D3-BF4B-00C04F79EFBC}") = "AgentStudio.Retention.Tests", "retention.Tests\AgentStudio.Retention.Tests.csproj", "{D4444444-4444-4444-8444-444444444444}"
EndProject
Project("{2150E333-8FDC-42A3-9474-1A3956D46DE8}") = "studio-bff", "studio-bff", "{E71ACF38-7479-4C90-A103-CE9301E7F235}"
EndProject
Project("{FAE04EC0-301F-11D3-BF4B-00C04F79EFBC}") = "StudioBff", "studio-bff\StudioBff.csproj", "{F8706CD1-00CC-4BE6-99D4-520BB6E4E5A0}"
EndProject
Project("{2150E333-8FDC-42A3-9474-1A3956D46DE8}") = "task-server.Tests", "task-server.Tests", "{102D5CBF-853D-4511-B04F-3AE37F18625A}"
EndProject
Project("{FAE04EC0-301F-11D3-BF4B-00C04F79EFBC}") = "TaskServer.Tests", "task-server.Tests\TaskServer.Tests.csproj", "{216167D3-140A-4E5B-9306-A314B8D58E43}"
EndProject
Project("{2150E333-8FDC-42A3-9474-1A3956D46DE8}") = "orchestrator-engine", "orchestrator-engine", "{4DC8B141-1168-42DE-B27C-8A95CA38AF78}"
EndProject
Project("{FAE04EC0-301F-11D3-BF4B-00C04F79EFBC}") = "OrchestratorEngine", "orchestrator-engine\OrchestratorEngine.csproj", "{9A7EE3A1-B243-4472-9C31-23DE6C3E204C}"
EndProject
Project("{2150E333-8FDC-42A3-9474-1A3956D46DE8}") = "orchestrator-engine.Tests", "orchestrator-engine.Tests", "{7E8E6491-C684-40E8-A573-5817217B9561}"
EndProject
Project("{FAE04EC0-301F-11D3-BF4B-00C04F79EFBC}") = "OrchestratorEngine.Tests", "orchestrator-engine.Tests\OrchestratorEngine.Tests.csproj", "{82B37BBD-C971-46DA-8B0C-E1B1F8BB743E}"
EndProject
Project("{2150E333-8FDC-42A3-9474-1A3956D46DE8}") = "setup", "setup", "{2A5D1AE1-A7A3-4F36-826E-48D9068DA814}"
EndProject
Project("{FAE04EC0-301F-11D3-BF4B-00C04F79EFBC}") = "AgentOrchestratorSetup", "setup\AgentOrchestratorSetup.csproj", "{739E49E0-85F9-44FD-A751-A58844FEB737}"
EndProject
Project("{FAE04EC0-301F-11D3-BF4B-00C04F79EFBC}") = "AgentOrchestratorSetup.Tests", "setup.Tests\AgentOrchestratorSetup.Tests.csproj", "{2D5E5C02-3950-48BF-BF7B-04670207FBAB}"
EndProject
Project("{2150E333-8FDC-42A3-9474-1A3956D46DE8}") = "testsupport", "testsupport", "{B9FBAFE2-CEC1-436C-EDF6-A2E2E379FED6}"
EndProject
Project("{FAE04EC0-301F-11D3-BF4B-00C04F79EFBC}") = "AgentStudio.TestSupport", "testsupport\AgentStudio.TestSupport.csproj", "{19B4BD89-2737-4E78-88E2-3AB01DDBB5DF}"
EndProject
Project("{2150E333-8FDC-42A3-9474-1A3956D46DE8}") = "cli-hosting", "cli-hosting", "{9B0415E3-BEC6-4A0D-E293-D59A3AF0A15F}"
EndProject
Project("{FAE04EC0-301F-11D3-BF4B-00C04F79EFBC}") = "AgentStudio.CliHosting", "cli-hosting\AgentStudio.CliHosting.csproj", "{6C089B6B-8C96-445D-A2DB-36C8DC5F4CED}"
EndProject
Project("{2150E333-8FDC-42A3-9474-1A3956D46DE8}") = "demo-replay-runner", "demo-replay-runner", "{9EEC9339-82D6-C2F2-21BB-0DE1600C5E78}"
EndProject
Project("{FAE04EC0-301F-11D3-BF4B-00C04F79EFBC}") = "DemoReplayRunner", "demo-replay-runner\DemoReplayRunner.csproj", "{2B4F1A9F-E94C-4160-A8DC-3C5CD33E987A}"
EndProject
Project("{2150E333-8FDC-42A3-9474-1A3956D46DE8}") = "demo-replay-runner.Tests", "demo-replay-runner.Tests", "{08128EB8-70BA-40E5-ABE2-981B5F2D4D8A}"
EndProject
Project("{FAE04EC0-301F-11D3-BF4B-00C04F79EFBC}") = "DemoReplayRunner.Tests", "demo-replay-runner.Tests\DemoReplayRunner.Tests.csproj", "{26AA1D3E-F672-4C2B-89DA-4D458010F87D}"
EndProject
Global
	GlobalSection(SolutionConfigurationPlatforms) = preSolution
		Debug|Any CPU = Debug|Any CPU
		Debug|x64 = Debug|x64
		Debug|x86 = Debug|x86
		Release|Any CPU = Release|Any CPU
		Release|x64 = Release|x64
		Release|x86 = Release|x86
	EndGlobalSection
	GlobalSection(ProjectConfigurationPlatforms) = postSolution
		{B2222222-2222-4222-8222-222222222222}.Debug|Any CPU.ActiveCfg = Debug|Any CPU
		{B2222222-2222-4222-8222-222222222222}.Debug|Any CPU.Build.0 = Debug|Any CPU
		{B2222222-2222-4222-8222-222222222222}.Debug|x64.ActiveCfg = Debug|Any CPU
		{B2222222-2222-4222-8222-222222222222}.Debug|x64.Build.0 = Debug|Any CPU
		{B2222222-2222-4222-8222-222222222222}.Debug|x86.ActiveCfg = Debug|Any CPU
		{B2222222-2222-4222-8222-222222222222}.Debug|x86.Build.0 = Debug|Any CPU
		{B2222222-2222-4222-8222-222222222222}.Release|Any CPU.ActiveCfg = Release|Any CPU
		{B2222222-2222-4222-8222-222222222222}.Release|Any CPU.Build.0 = Release|Any CPU
		{B2222222-2222-4222-8222-222222222222}.Release|x64.ActiveCfg = Release|Any CPU
		{B2222222-2222-4222-8222-222222222222}.Release|x64.Build.0 = Release|Any CPU
		{B2222222-2222-4222-8222-222222222222}.Release|x86.ActiveCfg = Release|Any CPU
		{B2222222-2222-4222-8222-222222222222}.Release|x86.Build.0 = Release|Any CPU
		{D4444444-4444-4444-8444-444444444444}.Debug|Any CPU.ActiveCfg = Debug|Any CPU
		{D4444444-4444-4444-8444-444444444444}.Debug|Any CPU.Build.0 = Debug|Any CPU
		{D4444444-4444-4444-8444-444444444444}.Debug|x64.ActiveCfg = Debug|Any CPU
		{D4444444-4444-4444-8444-444444444444}.Debug|x64.Build.0 = Debug|Any CPU
		{D4444444-4444-4444-8444-444444444444}.Debug|x86.ActiveCfg = Debug|Any CPU
		{D4444444-4444-4444-8444-444444444444}.Debug|x86.Build.0 = Debug|Any CPU
		{D4444444-4444-4444-8444-444444444444}.Release|Any CPU.ActiveCfg = Release|Any CPU
		{D4444444-4444-4444-8444-444444444444}.Release|Any CPU.Build.0 = Release|Any CPU
		{D4444444-4444-4444-8444-444444444444}.Release|x64.ActiveCfg = Release|Any CPU
		{D4444444-4444-4444-8444-444444444444}.Release|x64.Build.0 = Release|Any CPU
		{D4444444-4444-4444-8444-444444444444}.Release|x86.ActiveCfg = Release|Any CPU
		{D4444444-4444-4444-8444-444444444444}.Release|x86.Build.0 = Release|Any CPU
		{273D443D-BB1F-AE69-8170-B1675A798195}.Debug|Any CPU.ActiveCfg = Debug|Any CPU
		{273D443D-BB1F-AE69-8170-B1675A798195}.Debug|Any CPU.Build.0 = Debug|Any CPU
		{273D443D-BB1F-AE69-8170-B1675A798195}.Debug|x64.ActiveCfg = Debug|Any CPU
		{273D443D-BB1F-AE69-8170-B1675A798195}.Debug|x64.Build.0 = Debug|Any CPU
		{273D443D-BB1F-AE69-8170-B1675A798195}.Debug|x86.ActiveCfg = Debug|Any CPU
		{273D443D-BB1F-AE69-8170-B1675A798195}.Debug|x86.Build.0 = Debug|Any CPU
		{273D443D-BB1F-AE69-8170-B1675A798195}.Release|Any CPU.ActiveCfg = Release|Any CPU
		{273D443D-BB1F-AE69-8170-B1675A798195}.Release|Any CPU.Build.0 = Release|Any CPU
		{273D443D-BB1F-AE69-8170-B1675A798195}.Release|x64.ActiveCfg = Release|Any CPU
		{273D443D-BB1F-AE69-8170-B1675A798195}.Release|x64.Build.0 = Release|Any CPU
		{273D443D-BB1F-AE69-8170-B1675A798195}.Release|x86.ActiveCfg = Release|Any CPU
		{273D443D-BB1F-AE69-8170-B1675A798195}.Release|x86.Build.0 = Release|Any CPU
		{5B79D96B-43DB-4C57-8B97-BAA144EB9BA2}.Debug|Any CPU.ActiveCfg = Debug|Any CPU
		{5B79D96B-43DB-4C57-8B97-BAA144EB9BA2}.Debug|Any CPU.Build.0 = Debug|Any CPU
		{5B79D96B-43DB-4C57-8B97-BAA144EB9BA2}.Debug|x64.ActiveCfg = Debug|Any CPU
		{5B79D96B-43DB-4C57-8B97-BAA144EB9BA2}.Debug|x64.Build.0 = Debug|Any CPU
		{5B79D96B-43DB-4C57-8B97-BAA144EB9BA2}.Debug|x86.ActiveCfg = Debug|Any CPU
		{5B79D96B-43DB-4C57-8B97-BAA144EB9BA2}.Debug|x86.Build.0 = Debug|Any CPU
		{5B79D96B-43DB-4C57-8B97-BAA144EB9BA2}.Release|Any CPU.ActiveCfg = Release|Any CPU
		{5B79D96B-43DB-4C57-8B97-BAA144EB9BA2}.Release|Any CPU.Build.0 = Release|Any CPU
		{5B79D96B-43DB-4C57-8B97-BAA144EB9BA2}.Release|x64.ActiveCfg = Release|Any CPU
		{5B79D96B-43DB-4C57-8B97-BAA144EB9BA2}.Release|x64.Build.0 = Release|Any CPU
		{5B79D96B-43DB-4C57-8B97-BAA144EB9BA2}.Release|x86.ActiveCfg = Release|Any CPU
		{5B79D96B-43DB-4C57-8B97-BAA144EB9BA2}.Release|x86.Build.0 = Release|Any CPU
		{6A302828-1FD4-4ACB-89BE-238509517FF3}.Debug|Any CPU.ActiveCfg = Debug|Any CPU
		{6A302828-1FD4-4ACB-89BE-238509517FF3}.Debug|Any CPU.Build.0 = Debug|Any CPU
		{6A302828-1FD4-4ACB-89BE-238509517FF3}.Debug|x64.ActiveCfg = Debug|Any CPU
		{6A302828-1FD4-4ACB-89BE-238509517FF3}.Debug|x64.Build.0 = Debug|Any CPU
		{6A302828-1FD4-4ACB-89BE-238509517FF3}.Debug|x86.ActiveCfg = Debug|Any CPU
		{6A302828-1FD4-4ACB-89BE-238509517FF3}.Debug|x86.Build.0 = Debug|Any CPU
		{6A302828-1FD4-4ACB-89BE-238509517FF3}.Release|Any CPU.ActiveCfg = Release|Any CPU
		{6A302828-1FD4-4ACB-89BE-238509517FF3}.Release|Any CPU.Build.0 = Release|Any CPU
		{6A302828-1FD4-4ACB-89BE-238509517FF3}.Release|x64.ActiveCfg = Release|Any CPU
		{6A302828-1FD4-4ACB-89BE-238509517FF3}.Release|x64.Build.0 = Release|Any CPU
		{6A302828-1FD4-4ACB-89BE-238509517FF3}.Release|x86.ActiveCfg = Release|Any CPU
		{6A302828-1FD4-4ACB-89BE-238509517FF3}.Release|x86.Build.0 = Release|Any CPU
		{DBCF075B-1C05-4B3D-AA0A-47779690E842}.Debug|Any CPU.ActiveCfg = Debug|Any CPU
		{DBCF075B-1C05-4B3D-AA0A-47779690E842}.Debug|Any CPU.Build.0 = Debug|Any CPU
		{DBCF075B-1C05-4B3D-AA0A-47779690E842}.Debug|x64.ActiveCfg = Debug|Any CPU
		{DBCF075B-1C05-4B3D-AA0A-47779690E842}.Debug|x64.Build.0 = Debug|Any CPU
		{DBCF075B-1C05-4B3D-AA0A-47779690E842}.Debug|x86.ActiveCfg = Debug|Any CPU
		{DBCF075B-1C05-4B3D-AA0A-47779690E842}.Debug|x86.Build.0 = Debug|Any CPU
		{DBCF075B-1C05-4B3D-AA0A-47779690E842}.Release|Any CPU.ActiveCfg = Release|Any CPU
		{DBCF075B-1C05-4B3D-AA0A-47779690E842}.Release|Any CPU.Build.0 = Release|Any CPU
		{DBCF075B-1C05-4B3D-AA0A-47779690E842}.Release|x64.ActiveCfg = Release|Any CPU
		{DBCF075B-1C05-4B3D-AA0A-47779690E842}.Release|x64.Build.0 = Release|Any CPU
		{DBCF075B-1C05-4B3D-AA0A-47779690E842}.Release|x86.ActiveCfg = Release|Any CPU
		{DBCF075B-1C05-4B3D-AA0A-47779690E842}.Release|x86.Build.0 = Release|Any CPU
		{36DC463B-7E5C-47FA-A5B2-A42534339C18}.Debug|Any CPU.ActiveCfg = Debug|Any CPU
		{36DC463B-7E5C-47FA-A5B2-A42534339C18}.Debug|Any CPU.Build.0 = Debug|Any CPU
		{36DC463B-7E5C-47FA-A5B2-A42534339C18}.Debug|x64.ActiveCfg = Debug|Any CPU
		{36DC463B-7E5C-47FA-A5B2-A42534339C18}.Debug|x64.Build.0 = Debug|Any CPU
		{36DC463B-7E5C-47FA-A5B2-A42534339C18}.Debug|x86.ActiveCfg = Debug|Any CPU
		{36DC463B-7E5C-47FA-A5B2-A42534339C18}.Debug|x86.Build.0 = Debug|Any CPU
		{36DC463B-7E5C-47FA-A5B2-A42534339C18}.Release|Any CPU.ActiveCfg = Release|Any CPU
		{36DC463B-7E5C-47FA-A5B2-A42534339C18}.Release|Any CPU.Build.0 = Release|Any CPU
		{36DC463B-7E5C-47FA-A5B2-A42534339C18}.Release|x64.ActiveCfg = Release|Any CPU
		{36DC463B-7E5C-47FA-A5B2-A42534339C18}.Release|x64.Build.0 = Release|Any CPU
		{36DC463B-7E5C-47FA-A5B2-A42534339C18}.Release|x86.ActiveCfg = Release|Any CPU
		{36DC463B-7E5C-47FA-A5B2-A42534339C18}.Release|x86.Build.0 = Release|Any CPU
		{149C95CE-6882-4482-B81C-886EB013DDDB}.Debug|Any CPU.ActiveCfg = Debug|Any CPU
		{149C95CE-6882-4482-B81C-886EB013DDDB}.Debug|Any CPU.Build.0 = Debug|Any CPU
		{149C95CE-6882-4482-B81C-886EB013DDDB}.Debug|x64.ActiveCfg = Debug|Any CPU
		{149C95CE-6882-4482-B81C-886EB013DDDB}.Debug|x64.Build.0 = Debug|Any CPU
		{149C95CE-6882-4482-B81C-886EB013DDDB}.Debug|x86.ActiveCfg = Debug|Any CPU
		{149C95CE-6882-4482-B81C-886EB013DDDB}.Debug|x86.Build.0 = Debug|Any CPU
		{149C95CE-6882-4482-B81C-886EB013DDDB}.Release|Any CPU.ActiveCfg = Release|Any CPU
		{149C95CE-6882-4482-B81C-886EB013DDDB}.Release|Any CPU.Build.0 = Release|Any CPU
		{149C95CE-6882-4482-B81C-886EB013DDDB}.Release|x64.ActiveCfg = Release|Any CPU
		{149C95CE-6882-4482-B81C-886EB013DDDB}.Release|x64.Build.0 = Release|Any CPU
		{149C95CE-6882-4482-B81C-886EB013DDDB}.Release|x86.ActiveCfg = Release|Any CPU
		{149C95CE-6882-4482-B81C-886EB013DDDB}.Release|x86.Build.0 = Release|Any CPU
		{B79BFC9D-7516-43ED-9A25-B30328909046}.Debug|Any CPU.ActiveCfg = Debug|Any CPU
		{B79BFC9D-7516-43ED-9A25-B30328909046}.Debug|Any CPU.Build.0 = Debug|Any CPU
		{B79BFC9D-7516-43ED-9A25-B30328909046}.Debug|x64.ActiveCfg = Debug|Any CPU
		{B79BFC9D-7516-43ED-9A25-B30328909046}.Debug|x64.Build.0 = Debug|Any CPU
		{B79BFC9D-7516-43ED-9A25-B30328909046}.Debug|x86.ActiveCfg = Debug|Any CPU
		{B79BFC9D-7516-43ED-9A25-B30328909046}.Debug|x86.Build.0 = Debug|Any CPU
		{B79BFC9D-7516-43ED-9A25-B30328909046}.Release|Any CPU.ActiveCfg = Release|Any CPU
		{B79BFC9D-7516-43ED-9A25-B30328909046}.Release|Any CPU.Build.0 = Release|Any CPU
		{B79BFC9D-7516-43ED-9A25-B30328909046}.Release|x64.ActiveCfg = Release|Any CPU
		{B79BFC9D-7516-43ED-9A25-B30328909046}.Release|x64.Build.0 = Release|Any CPU
		{B79BFC9D-7516-43ED-9A25-B30328909046}.Release|x86.ActiveCfg = Release|Any CPU
		{B79BFC9D-7516-43ED-9A25-B30328909046}.Release|x86.Build.0 = Release|Any CPU
		{D091FFAC-B972-41E9-8272-A277DBEC3D92}.Debug|Any CPU.ActiveCfg = Debug|Any CPU
		{D091FFAC-B972-41E9-8272-A277DBEC3D92}.Debug|Any CPU.Build.0 = Debug|Any CPU
		{D091FFAC-B972-41E9-8272-A277DBEC3D92}.Debug|x64.ActiveCfg = Debug|Any CPU
		{D091FFAC-B972-41E9-8272-A277DBEC3D92}.Debug|x64.Build.0 = Debug|Any CPU
		{D091FFAC-B972-41E9-8272-A277DBEC3D92}.Debug|x86.ActiveCfg = Debug|Any CPU
		{D091FFAC-B972-41E9-8272-A277DBEC3D92}.Debug|x86.Build.0 = Debug|Any CPU
		{D091FFAC-B972-41E9-8272-A277DBEC3D92}.Release|Any CPU.ActiveCfg = Release|Any CPU
		{D091FFAC-B972-41E9-8272-A277DBEC3D92}.Release|Any CPU.Build.0 = Release|Any CPU
		{D091FFAC-B972-41E9-8272-A277DBEC3D92}.Release|x64.ActiveCfg = Release|Any CPU
		{D091FFAC-B972-41E9-8272-A277DBEC3D92}.Release|x64.Build.0 = Release|Any CPU
		{D091FFAC-B972-41E9-8272-A277DBEC3D92}.Release|x86.ActiveCfg = Release|Any CPU
		{D091FFAC-B972-41E9-8272-A277DBEC3D92}.Release|x86.Build.0 = Release|Any CPU
		{F8706CD1-00CC-4BE6-99D4-520BB6E4E5A0}.Debug|Any CPU.ActiveCfg = Debug|Any CPU
		{F8706CD1-00CC-4BE6-99D4-520BB6E4E5A0}.Debug|Any CPU.Build.0 = Debug|Any CPU
		{F8706CD1-00CC-4BE6-99D4-520BB6E4E5A0}.Debug|x64.ActiveCfg = Debug|Any CPU
		{F8706CD1-00CC-4BE6-99D4-520BB6E4E5A0}.Debug|x64.Build.0 = Debug|Any CPU
		{F8706CD1-00CC-4BE6-99D4-520BB6E4E5A0}.Debug|x86.ActiveCfg = Debug|Any CPU
		{F8706CD1-00CC-4BE6-99D4-520BB6E4E5A0}.Debug|x86.Build.0 = Debug|Any CPU
		{F8706CD1-00CC-4BE6-99D4-520BB6E4E5A0}.Release|Any CPU.ActiveCfg = Release|Any CPU
		{F8706CD1-00CC-4BE6-99D4-520BB6E4E5A0}.Release|Any CPU.Build.0 = Release|Any CPU
		{F8706CD1-00CC-4BE6-99D4-520BB6E4E5A0}.Release|x64.ActiveCfg = Release|Any CPU
		{F8706CD1-00CC-4BE6-99D4-520BB6E4E5A0}.Release|x64.Build.0 = Release|Any CPU
		{F8706CD1-00CC-4BE6-99D4-520BB6E4E5A0}.Release|x86.ActiveCfg = Release|Any CPU
		{F8706CD1-00CC-4BE6-99D4-520BB6E4E5A0}.Release|x86.Build.0 = Release|Any CPU
		{216167D3-140A-4E5B-9306-A314B8D58E43}.Debug|Any CPU.ActiveCfg = Debug|Any CPU
		{216167D3-140A-4E5B-9306-A314B8D58E43}.Debug|Any CPU.Build.0 = Debug|Any CPU
		{216167D3-140A-4E5B-9306-A314B8D58E43}.Debug|x64.ActiveCfg = Debug|Any CPU
		{216167D3-140A-4E5B-9306-A314B8D58E43}.Debug|x64.Build.0 = Debug|Any CPU
		{216167D3-140A-4E5B-9306-A314B8D58E43}.Debug|x86.ActiveCfg = Debug|Any CPU
		{216167D3-140A-4E5B-9306-A314B8D58E43}.Debug|x86.Build.0 = Debug|Any CPU
		{216167D3-140A-4E5B-9306-A314B8D58E43}.Release|Any CPU.ActiveCfg = Release|Any CPU
		{216167D3-140A-4E5B-9306-A314B8D58E43}.Release|Any CPU.Build.0 = Release|Any CPU
		{216167D3-140A-4E5B-9306-A314B8D58E43}.Release|x64.ActiveCfg = Release|Any CPU
		{216167D3-140A-4E5B-9306-A314B8D58E43}.Release|x64.Build.0 = Release|Any CPU
		{216167D3-140A-4E5B-9306-A314B8D58E43}.Release|x86.ActiveCfg = Release|Any CPU
		{216167D3-140A-4E5B-9306-A314B8D58E43}.Release|x86.Build.0 = Release|Any CPU
		{9A7EE3A1-B243-4472-9C31-23DE6C3E204C}.Debug|Any CPU.ActiveCfg = Debug|Any CPU
		{9A7EE3A1-B243-4472-9C31-23DE6C3E204C}.Debug|Any CPU.Build.0 = Debug|Any CPU
		{9A7EE3A1-B243-4472-9C31-23DE6C3E204C}.Debug|x64.ActiveCfg = Debug|Any CPU
		{9A7EE3A1-B243-4472-9C31-23DE6C3E204C}.Debug|x64.Build.0 = Debug|Any CPU
		{9A7EE3A1-B243-4472-9C31-23DE6C3E204C}.Debug|x86.ActiveCfg = Debug|Any CPU
		{9A7EE3A1-B243-4472-9C31-23DE6C3E204C}.Debug|x86.Build.0 = Debug|Any CPU
		{9A7EE3A1-B243-4472-9C31-23DE6C3E204C}.Release|Any CPU.ActiveCfg = Release|Any CPU
		{9A7EE3A1-B243-4472-9C31-23DE6C3E204C}.Release|Any CPU.Build.0 = Release|Any CPU
		{9A7EE3A1-B243-4472-9C31-23DE6C3E204C}.Release|x64.ActiveCfg = Release|Any CPU
		{9A7EE3A1-B243-4472-9C31-23DE6C3E204C}.Release|x64.Build.0 = Release|Any CPU
		{9A7EE3A1-B243-4472-9C31-23DE6C3E204C}.Release|x86.ActiveCfg = Release|Any CPU
		{9A7EE3A1-B243-4472-9C31-23DE6C3E204C}.Release|x86.Build.0 = Release|Any CPU
		{82B37BBD-C971-46DA-8B0C-E1B1F8BB743E}.Debug|Any CPU.ActiveCfg = Debug|Any CPU
		{82B37BBD-C971-46DA-8B0C-E1B1F8BB743E}.Debug|Any CPU.Build.0 = Debug|Any CPU
		{82B37BBD-C971-46DA-8B0C-E1B1F8BB743E}.Debug|x64.ActiveCfg = Debug|Any CPU
		{82B37BBD-C971-46DA-8B0C-E1B1F8BB743E}.Debug|x64.Build.0 = Debug|Any CPU
		{82B37BBD-C971-46DA-8B0C-E1B1F8BB743E}.Debug|x86.ActiveCfg = Debug|Any CPU
		{82B37BBD-C971-46DA-8B0C-E1B1F8BB743E}.Debug|x86.Build.0 = Debug|Any CPU
		{82B37BBD-C971-46DA-8B0C-E1B1F8BB743E}.Release|Any CPU.ActiveCfg = Release|Any CPU
		{82B37BBD-C971-46DA-8B0C-E1B1F8BB743E}.Release|Any CPU.Build.0 = Release|Any CPU
		{82B37BBD-C971-46DA-8B0C-E1B1F8BB743E}.Release|x64.ActiveCfg = Release|Any CPU
		{82B37BBD-C971-46DA-8B0C-E1B1F8BB743E}.Release|x64.Build.0 = Release|Any CPU
		{82B37BBD-C971-46DA-8B0C-E1B1F8BB743E}.Release|x86.ActiveCfg = Release|Any CPU
		{82B37BBD-C971-46DA-8B0C-E1B1F8BB743E}.Release|x86.Build.0 = Release|Any CPU
		{739E49E0-85F9-44FD-A751-A58844FEB737}.Debug|Any CPU.ActiveCfg = Debug|Any CPU
		{739E49E0-85F9-44FD-A751-A58844FEB737}.Debug|Any CPU.Build.0 = Debug|Any CPU
		{739E49E0-85F9-44FD-A751-A58844FEB737}.Debug|x64.ActiveCfg = Debug|Any CPU
		{739E49E0-85F9-44FD-A751-A58844FEB737}.Debug|x64.Build.0 = Debug|Any CPU
		{739E49E0-85F9-44FD-A751-A58844FEB737}.Debug|x86.ActiveCfg = Debug|Any CPU
		{739E49E0-85F9-44FD-A751-A58844FEB737}.Debug|x86.Build.0 = Debug|Any CPU
		{739E49E0-85F9-44FD-A751-A58844FEB737}.Release|Any CPU.ActiveCfg = Release|Any CPU
		{739E49E0-85F9-44FD-A751-A58844FEB737}.Release|Any CPU.Build.0 = Release|Any CPU
		{739E49E0-85F9-44FD-A751-A58844FEB737}.Release|x64.ActiveCfg = Release|Any CPU
		{739E49E0-85F9-44FD-A751-A58844FEB737}.Release|x64.Build.0 = Release|Any CPU
		{739E49E0-85F9-44FD-A751-A58844FEB737}.Release|x86.ActiveCfg = Release|Any CPU
		{739E49E0-85F9-44FD-A751-A58844FEB737}.Release|x86.Build.0 = Release|Any CPU
		{2D5E5C02-3950-48BF-BF7B-04670207FBAB}.Debug|Any CPU.ActiveCfg = Debug|Any CPU
		{2D5E5C02-3950-48BF-BF7B-04670207FBAB}.Debug|Any CPU.Build.0 = Debug|Any CPU
		{2D5E5C02-3950-48BF-BF7B-04670207FBAB}.Debug|x64.ActiveCfg = Debug|Any CPU
		{2D5E5C02-3950-48BF-BF7B-04670207FBAB}.Debug|x64.Build.0 = Debug|Any CPU
		{2D5E5C02-3950-48BF-BF7B-04670207FBAB}.Debug|x86.ActiveCfg = Debug|Any CPU
		{2D5E5C02-3950-48BF-BF7B-04670207FBAB}.Debug|x86.Build.0 = Debug|Any CPU
		{2D5E5C02-3950-48BF-BF7B-04670207FBAB}.Release|Any CPU.ActiveCfg = Release|Any CPU
		{2D5E5C02-3950-48BF-BF7B-04670207FBAB}.Release|Any CPU.Build.0 = Release|Any CPU
		{2D5E5C02-3950-48BF-BF7B-04670207FBAB}.Release|x64.ActiveCfg = Release|Any CPU
		{2D5E5C02-3950-48BF-BF7B-04670207FBAB}.Release|x64.Build.0 = Release|Any CPU
		{2D5E5C02-3950-48BF-BF7B-04670207FBAB}.Release|x86.ActiveCfg = Release|Any CPU
		{2D5E5C02-3950-48BF-BF7B-04670207FBAB}.Release|x86.Build.0 = Release|Any CPU
		{19B4BD89-2737-4E78-88E2-3AB01DDBB5DF}.Debug|Any CPU.ActiveCfg = Debug|Any CPU
		{19B4BD89-2737-4E78-88E2-3AB01DDBB5DF}.Debug|Any CPU.Build.0 = Debug|Any CPU
		{19B4BD89-2737-4E78-88E2-3AB01DDBB5DF}.Debug|x64.ActiveCfg = Debug|Any CPU
		{19B4BD89-2737-4E78-88E2-3AB01DDBB5DF}.Debug|x64.Build.0 = Debug|Any CPU
		{19B4BD89-2737-4E78-88E2-3AB01DDBB5DF}.Debug|x86.ActiveCfg = Debug|Any CPU
		{19B4BD89-2737-4E78-88E2-3AB01DDBB5DF}.Debug|x86.Build.0 = Debug|Any CPU
		{19B4BD89-2737-4E78-88E2-3AB01DDBB5DF}.Release|Any CPU.ActiveCfg = Release|Any CPU
		{19B4BD89-2737-4E78-88E2-3AB01DDBB5DF}.Release|Any CPU.Build.0 = Release|Any CPU
		{19B4BD89-2737-4E78-88E2-3AB01DDBB5DF}.Release|x64.ActiveCfg = Release|Any CPU
		{19B4BD89-2737-4E78-88E2-3AB01DDBB5DF}.Release|x64.Build.0 = Release|Any CPU
		{19B4BD89-2737-4E78-88E2-3AB01DDBB5DF}.Release|x86.ActiveCfg = Release|Any CPU
		{19B4BD89-2737-4E78-88E2-3AB01DDBB5DF}.Release|x86.Build.0 = Release|Any CPU
		{6C089B6B-8C96-445D-A2DB-36C8DC5F4CED}.Debug|Any CPU.ActiveCfg = Debug|Any CPU
		{6C089B6B-8C96-445D-A2DB-36C8DC5F4CED}.Debug|Any CPU.Build.0 = Debug|Any CPU
		{6C089B6B-8C96-445D-A2DB-36C8DC5F4CED}.Debug|x64.ActiveCfg = Debug|Any CPU
		{6C089B6B-8C96-445D-A2DB-36C8DC5F4CED}.Debug|x64.Build.0 = Debug|Any CPU
		{6C089B6B-8C96-445D-A2DB-36C8DC5F4CED}.Debug|x86.ActiveCfg = Debug|Any CPU
		{6C089B6B-8C96-445D-A2DB-36C8DC5F4CED}.Debug|x86.Build.0 = Debug|Any CPU
		{6C089B6B-8C96-445D-A2DB-36C8DC5F4CED}.Release|Any CPU.ActiveCfg = Release|Any CPU
		{6C089B6B-8C96-445D-A2DB-36C8DC5F4CED}.Release|Any CPU.Build.0 = Release|Any CPU
		{6C089B6B-8C96-445D-A2DB-36C8DC5F4CED}.Release|x64.ActiveCfg = Release|Any CPU
		{6C089B6B-8C96-445D-A2DB-36C8DC5F4CED}.Release|x64.Build.0 = Release|Any CPU
		{6C089B6B-8C96-445D-A2DB-36C8DC5F4CED}.Release|x86.ActiveCfg = Release|Any CPU
		{6C089B6B-8C96-445D-A2DB-36C8DC5F4CED}.Release|x86.Build.0 = Release|Any CPU
		{2B4F1A9F-E94C-4160-A8DC-3C5CD33E987A}.Debug|Any CPU.ActiveCfg = Debug|Any CPU
		{2B4F1A9F-E94C-4160-A8DC-3C5CD33E987A}.Debug|Any CPU.Build.0 = Debug|Any CPU
		{2B4F1A9F-E94C-4160-A8DC-3C5CD33E987A}.Debug|x64.ActiveCfg = Debug|Any CPU
		{2B4F1A9F-E94C-4160-A8DC-3C5CD33E987A}.Debug|x64.Build.0 = Debug|Any CPU
		{2B4F1A9F-E94C-4160-A8DC-3C5CD33E987A}.Debug|x86.ActiveCfg = Debug|Any CPU
		{2B4F1A9F-E94C-4160-A8DC-3C5CD33E987A}.Debug|x86.Build.0 = Debug|Any CPU
		{2B4F1A9F-E94C-4160-A8DC-3C5CD33E987A}.Release|Any CPU.ActiveCfg = Release|Any CPU
		{2B4F1A9F-E94C-4160-A8DC-3C5CD33E987A}.Release|Any CPU.Build.0 = Release|Any CPU
		{2B4F1A9F-E94C-4160-A8DC-3C5CD33E987A}.Release|x64.ActiveCfg = Release|Any CPU
		{2B4F1A9F-E94C-4160-A8DC-3C5CD33E987A}.Release|x64.Build.0 = Release|Any CPU
		{2B4F1A9F-E94C-4160-A8DC-3C5CD33E987A}.Release|x86.ActiveCfg = Release|Any CPU
		{2B4F1A9F-E94C-4160-A8DC-3C5CD33E987A}.Release|x86.Build.0 = Release|Any CPU
		{26AA1D3E-F672-4C2B-89DA-4D458010F87D}.Debug|Any CPU.ActiveCfg = Debug|Any CPU
		{26AA1D3E-F672-4C2B-89DA-4D458010F87D}.Debug|Any CPU.Build.0 = Debug|Any CPU
		{26AA1D3E-F672-4C2B-89DA-4D458010F87D}.Debug|x64.ActiveCfg = Debug|Any CPU
		{26AA1D3E-F672-4C2B-89DA-4D458010F87D}.Debug|x64.Build.0 = Debug|Any CPU
		{26AA1D3E-F672-4C2B-89DA-4D458010F87D}.Debug|x86.ActiveCfg = Debug|Any CPU
		{26AA1D3E-F672-4C2B-89DA-4D458010F87D}.Debug|x86.Build.0 = Debug|Any CPU
		{26AA1D3E-F672-4C2B-89DA-4D458010F87D}.Release|Any CPU.ActiveCfg = Release|Any CPU
		{26AA1D3E-F672-4C2B-89DA-4D458010F87D}.Release|Any CPU.Build.0 = Release|Any CPU
		{26AA1D3E-F672-4C2B-89DA-4D458010F87D}.Release|x64.ActiveCfg = Release|Any CPU
		{26AA1D3E-F672-4C2B-89DA-4D458010F87D}.Release|x64.Build.0 = Release|Any CPU
		{26AA1D3E-F672-4C2B-89DA-4D458010F87D}.Release|x86.ActiveCfg = Release|Any CPU
		{26AA1D3E-F672-4C2B-89DA-4D458010F87D}.Release|x86.Build.0 = Release|Any CPU
	EndGlobalSection
	GlobalSection(SolutionProperties) = preSolution
		HideSolutionNode = FALSE
	EndGlobalSection
	GlobalSection(NestedProjects) = preSolution
		{B2222222-2222-4222-8222-222222222222} = {A1111111-1111-4111-8111-111111111111}
		{D4444444-4444-4444-8444-444444444444} = {C3333333-3333-4333-8333-333333333333}
		{273D443D-BB1F-AE69-8170-B1675A798195} = {1AE8ACA6-933B-BF2A-3671-3E2EAC007D16}
		{5B79D96B-43DB-4C57-8B97-BAA144EB9BA2} = {1AE8ACA6-933B-BF2A-3671-3E2EAC007D16}
		{6A302828-1FD4-4ACB-89BE-238509517FF3} = {403FCE92-DF91-3D4F-252E-F95E1B30A813}
		{DBCF075B-1C05-4B3D-AA0A-47779690E842} = {07C2787E-EAC7-C090-1BA3-A61EC2A24D84}
		{36DC463B-7E5C-47FA-A5B2-A42534339C18} = {670CFE11-21B1-39BF-3A5B-4FA10AB6CBEB}
		{149C95CE-6882-4482-B81C-886EB013DDDB} = {FDCFE695-93FE-8901-CF4D-7776AD9E1F92}
		{B79BFC9D-7516-43ED-9A25-B30328909046} = {A2ACF0A6-92D4-4FE2-9E0C-559C10F70411}
		{D091FFAC-B972-41E9-8272-A277DBEC3D92} = {C9C1AF1A-A6D7-45D5-A829-69856E4159D5}
		{F8706CD1-00CC-4BE6-99D4-520BB6E4E5A0} = {E71ACF38-7479-4C90-A103-CE9301E7F235}
		{216167D3-140A-4E5B-9306-A314B8D58E43} = {102D5CBF-853D-4511-B04F-3AE37F18625A}
		{9A7EE3A1-B243-4472-9C31-23DE6C3E204C} = {4DC8B141-1168-42DE-B27C-8A95CA38AF78}
		{82B37BBD-C971-46DA-8B0C-E1B1F8BB743E} = {7E8E6491-C684-40E8-A573-5817217B9561}
		{739E49E0-85F9-44FD-A751-A58844FEB737} = {2A5D1AE1-A7A3-4F36-826E-48D9068DA814}
		{2D5E5C02-3950-48BF-BF7B-04670207FBAB} = {2A5D1AE1-A7A3-4F36-826E-48D9068DA814}
		{19B4BD89-2737-4E78-88E2-3AB01DDBB5DF} = {B9FBAFE2-CEC1-436C-EDF6-A2E2E379FED6}
		{6C089B6B-8C96-445D-A2DB-36C8DC5F4CED} = {9B0415E3-BEC6-4A0D-E293-D59A3AF0A15F}
		{2B4F1A9F-E94C-4160-A8DC-3C5CD33E987A} = {9EEC9339-82D6-C2F2-21BB-0DE1600C5E78}
		{26AA1D3E-F672-4C2B-89DA-4D458010F87D} = {08128EB8-70BA-40E5-ABE2-981B5F2D4D8A}
	EndGlobalSection
	GlobalSection(ExtensibilityGlobals) = postSolution
		SolutionGuid = {19050CF1-8079-4409-8FFD-584D19C6032F}
	EndGlobalSection
EndGlobal
